
Microsoft Visual Studio Solution File, Format Version 12.00
# Visual Studio 2013
VisualStudioVersion = 12.0.30501.0
MinimumVisualStudioVersion = 10.0.40219.1
Project("{FAE04EC0-301F-11D3-BF4B-00C04F79EFBC}") = "EntityFramework.Filters", "EntityFramework.Filters\EntityFramework.Filters.csproj", "{D5BA8B56-7345-46C9-961C-15539FF78B6F}"
EndProject
Project("{FAE04EC0-301F-11D3-BF4B-00C04F79EFBC}") = "EntityFramework.Filters.Tests", "EntityFramework.Filters.Tests\EntityFramework.Filters.Tests.csproj", "{2A751298-79AE-4837-923E-1DD3B6F4BC08}"
EndProject
Project("{FAE04EC0-301F-11D3-BF4B-00C04F79EFBC}") = "EntityFramework.Filters.Example", "EntityFramework.Filters.Example\EntityFramework.Filters.Example.csproj", "{BB03BC81-D70F-4C94-9183-84C4E2D8F26A}"
EndProject
Project("{2150E333-8FDC-42A3-9474-1A3956D46DE8}") = "NuGet", "NuGet", "{3C7083B1-6E47-4259-B4AB-0739561486FA}"
	ProjectSection(SolutionItems) = preProject
		EntityFramework.Filters\EntityFramework.Filters.nuspec = EntityFramework.Filters\EntityFramework.Filters.nuspec
	EndProjectSection
EndProject
Global
	GlobalSection(SolutionConfigurationPlatforms) = preSolution
		Debug|Any CPU = Debug|Any CPU
		Release|Any CPU = Release|Any CPU
	EndGlobalSection
	GlobalSection(ProjectConfigurationPlatforms) = postSolution
		{D5BA8B56-7345-46C9-961C-15539FF78B6F}.Debug|Any CPU.ActiveCfg = Debug|Any CPU
		{D5BA8B56-7345-46C9-961C-15539FF78B6F}.Debug|Any CPU.Build.0 = Debug|Any CPU
		{D5BA8B56-7345-46C9-961C-15539FF78B6F}.Release|Any CPU.ActiveCfg = Release|Any CPU
		{D5BA8B56-7345-46C9-961C-15539FF78B6F}.Release|Any CPU.Build.0 = Release|Any CPU
		{2A751298-79AE-4837-923E-1DD3B6F4BC08}.Debug|Any CPU.ActiveCfg = Debug|Any CPU
		{2A751298-79AE-4837-923E-1DD3B6F4BC08}.Debug|Any CPU.Build.0 = Debug|Any CPU
		{2A751298-79AE-4837-923E-1DD3B6F4BC08}.Release|Any CPU.ActiveCfg = Release|Any CPU
		{2A751298-79AE-4837-923E-1DD3B6F4BC08}.Release|Any CPU.Build.0 = Release|Any CPU
		{BB03BC81-D70F-4C94-9183-84C4E2D8F26A}.Debug|Any CPU.ActiveCfg = Debug|Any CPU
		{BB03BC81-D70F-4C94-9183-84C4E2D8F26A}.Debug|Any CPU.Build.0 = Debug|Any CPU
		{BB03BC81-D70F-4C94-9183-84C4E2D8F26A}.Release|Any CPU.ActiveCfg = Release|Any CPU
		{BB03BC81-D70F-4C94-9183-84C4E2D8F26A}.Release|Any CPU.Build.0 = Release|Any CPU
	EndGlobalSection
	GlobalSection(SolutionProperties) = preSolution
		HideSolutionNode = FALSE
	EndGlobalSection
EndGlobal
